
Microsoft Visual Studio Solution File, Format Version 12.00
# Visual Studio Version 16
VisualStudioVersion = 16.0.32126.315
MinimumVisualStudioVersion = 10.0.40219.1
Project("{FAE04EC0-301F-11D3-BF4B-00C04F79EFBC}") = "VisualizedProjects", "VisualizedProjects\VisualizedProjects.csproj", "{9BA133EE-C221-41C8-93B4-124F93C7DD48}"
EndProject
Global
	GlobalSection(SolutionConfigurationPlatforms) = preSolution
		Debug|Any CPU = Debug|Any CPU
		Release|Any CPU = Release|Any CPU
	EndGlobalSection
	GlobalSection(ProjectConfigurationPlatforms) = postSolution
		{9BA133EE-C221-41C8-93B4-124F93C7DD48}.Debug|Any CPU.ActiveCfg = Debug|Any CPU
		{9BA133EE-C221-41C8-93B4-124F93C7DD48}.Debug|Any CPU.Build.0 = Debug|Any CPU
		{9BA133EE-C221-41C8-93B4-124F93C7DD48}.Release|Any CPU.ActiveCfg = Release|Any CPU
		{9BA133EE-C221-41C8-93B4-124F93C7DD48}.Release|Any CPU.Build.0 = Release|Any CPU
	EndGlobalSection
	GlobalSection(SolutionProperties) = preSolution
		HideSolutionNode = FALSE
	EndGlobalSection
	GlobalSection(ExtensibilityGlobals) = postSolution
		SolutionGuid = {129593A6-0CE6-4BEF-BBA6-2B04C8D2D892}
	EndGlobalSection
EndGlobal
